
Microsoft Visual Studio Solution File, Format Version 12.00
# Visual Studio Version 17
VisualStudioVersion = 17.2.32526.322
MinimumVisualStudioVersion = 10.0.40219.1
Project("{FAE04EC0-301F-11D3-BF4B-00C04F79EFBC}") = "Laboratoire24mars", "M:\code\programmation\Laboratoire24mars\Laboratoire24mars\Laboratoire24mars.csproj", "{A10C9D8A-B673-493A-B809-7B5BD2BAF675}"
EndProject
Project("{FAE04EC0-301F-11D3-BF4B-00C04F79EFBC}") = "Affichage", "M:\code\programmation\Laboratoire24mars\Affichage\Affichage.csproj", "{D821C5AA-89E5-4D5E-A2B6-CEC974A8E57F}"
EndProject
Project("{FAE04EC0-301F-11D3-BF4B-00C04F79EFBC}") = "Construction", "M:\code\programmation\Laboratoire24mars\Construction\Construction.csproj", "{8782BEEE-B54C-4C44-8FE1-EFBBCF4F1727}"
EndProject
Global
	GlobalSection(SolutionConfigurationPlatforms) = preSolution
		Debug|Any CPU = Debug|Any CPU
		Release|Any CPU = Release|Any CPU
	EndGlobalSection
	GlobalSection(ProjectConfigurationPlatforms) = postSolution
		{A10C9D8A-B673-493A-B809-7B5BD2BAF675}.Debug|Any CPU.ActiveCfg = Debug|Any CPU
		{A10C9D8A-B673-493A-B809-7B5BD2BAF675}.Debug|Any CPU.Build.0 = Debug|Any CPU
		{A10C9D8A-B673-493A-B809-7B5BD2BAF675}.Release|Any CPU.ActiveCfg = Release|Any CPU
		{A10C9D8A-B673-493A-B809-7B5BD2BAF675}.Release|Any CPU.Build.0 = Release|Any CPU
		{D821C5AA-89E5-4D5E-A2B6-CEC974A8E57F}.Debug|Any CPU.ActiveCfg = Debug|Any CPU
		{D821C5AA-89E5-4D5E-A2B6-CEC974A8E57F}.Debug|Any CPU.Build.0 = Debug|Any CPU
		{D821C5AA-89E5-4D5E-A2B6-CEC974A8E57F}.Release|Any CPU.ActiveCfg = Release|Any CPU
		{D821C5AA-89E5-4D5E-A2B6-CEC974A8E57F}.Release|Any CPU.Build.0 = Release|Any CPU
		{8782BEEE-B54C-4C44-8FE1-EFBBCF4F1727}.Debug|Any CPU.ActiveCfg = Debug|Any CPU
		{8782BEEE-B54C-4C44-8FE1-EFBBCF4F1727}.Debug|Any CPU.Build.0 = Debug|Any CPU
		{8782BEEE-B54C-4C44-8FE1-EFBBCF4F1727}.Release|Any CPU.ActiveCfg = Release|Any CPU
		{8782BEEE-B54C-4C44-8FE1-EFBBCF4F1727}.Release|Any CPU.Build.0 = Release|Any CPU
	EndGlobalSection
	GlobalSection(SolutionProperties) = preSolution
		HideSolutionNode = FALSE
	EndGlobalSection
	GlobalSection(ExtensibilityGlobals) = postSolution
		SolutionGuid = {1015E40E-5642-4F31-8A65-3E27B7EBCD80}
	EndGlobalSection
EndGlobal
